
Microsoft Visual Studio Solution File, Format Version 12.00
# Visual Studio 15
VisualStudioVersion = 15.0.27130.2036
MinimumVisualStudioVersion = 10.0.40219.1
Project("{FAE04EC0-301F-11D3-BF4B-00C04F79EFBC}") = "WorkflowPatternFinder", "WorkflowPatternFinder\WorkflowPatternFinder.csproj", "{2FBC0605-44BA-435B-8137-B4CCB6890FE7}"
EndProject
Project("{FAE04EC0-301F-11D3-BF4B-00C04F79EFBC}") = "WorkflowEventLogFixer", "WorkflowEventLogFixer\WorkflowEventLogFixer\WorkflowEventLogFixer\WorkflowEventLogFixer.csproj", "{66C01B7F-BC66-4664-9784-A48BC2205FD1}"
EndProject
Global
	GlobalSection(SolutionConfigurationPlatforms) = preSolution
		Debug|Any CPU = Debug|Any CPU
		Release|Any CPU = Release|Any CPU
	EndGlobalSection
	GlobalSection(ProjectConfigurationPlatforms) = postSolution
		{2FBC0605-44BA-435B-8137-B4CCB6890FE7}.Debug|Any CPU.ActiveCfg = Debug|Any CPU
		{2FBC0605-44BA-435B-8137-B4CCB6890FE7}.Debug|Any CPU.Build.0 = Debug|Any CPU
		{2FBC0605-44BA-435B-8137-B4CCB6890FE7}.Release|Any CPU.ActiveCfg = Release|Any CPU
		{2FBC0605-44BA-435B-8137-B4CCB6890FE7}.Release|Any CPU.Build.0 = Release|Any CPU
		{66C01B7F-BC66-4664-9784-A48BC2205FD1}.Debug|Any CPU.ActiveCfg = Debug|Any CPU
		{66C01B7F-BC66-4664-9784-A48BC2205FD1}.Debug|Any CPU.Build.0 = Debug|Any CPU
		{66C01B7F-BC66-4664-9784-A48BC2205FD1}.Release|Any CPU.ActiveCfg = Release|Any CPU
		{66C01B7F-BC66-4664-9784-A48BC2205FD1}.Release|Any CPU.Build.0 = Release|Any CPU
	EndGlobalSection
	GlobalSection(SolutionProperties) = preSolution
		HideSolutionNode = FALSE
	EndGlobalSection
	GlobalSection(ExtensibilityGlobals) = postSolution
		SolutionGuid = {F451FA5D-8890-4C6F-9B0A-59C0A5970701}
	EndGlobalSection
EndGlobal
